// !$*UTF8*$!
{
	archiveVersion = 1;
	classes = {
	};
	objectVersion = 55;
	objects = {

/* Begin PBXBuildFile section */
		9996B61B8F5B6FBD8028F742 /* Pods_FLO_MusicPlayerApp.framework in Frameworks */ = {isa = PBXBuildFile; fileRef = A38CA7B71254467C5A64187B /* Pods_FLO_MusicPlayerApp.framework */; };
		AE8D89A8276AFB60005996D9 /* AppDelegate.swift in Sources */ = {isa = PBXBuildFile; fileRef = AE8D89A7276AFB60005996D9 /* AppDelegate.swift */; };
		AE8D89AA276AFB60005996D9 /* SceneDelegate.swift in Sources */ = {isa = PBXBuildFile; fileRef = AE8D89A9276AFB60005996D9 /* SceneDelegate.swift */; };
		AE8D89B1276AFB61005996D9 /* Assets.xcassets in Resources */ = {isa = PBXBuildFile; fileRef = AE8D89B0276AFB61005996D9 /* Assets.xcassets */; };
		AE8D89B4276AFB61005996D9 /* LaunchScreen.storyboard in Resources */ = {isa = PBXBuildFile; fileRef = AE8D89B2276AFB61005996D9 /* LaunchScreen.storyboard */; };
		AE8D89C6276B02B4005996D9 /* MusicPlayViewController.swift in Sources */ = {isa = PBXBuildFile; fileRef = AE8D89C5276B02B4005996D9 /* MusicPlayViewController.swift */; };
		AE8D89C8276B02E4005996D9 /* Main.storyboard in Resources */ = {isa = PBXBuildFile; fileRef = AE8D89C7276B02E4005996D9 /* Main.storyboard */; };
		AE8D89CB276B135C005996D9 /* Music.swift in Sources */ = {isa = PBXBuildFile; fileRef = AE8D89CA276B135C005996D9 /* Music.swift */; };
		AE8D89CD276B1546005996D9 /* MusicViewModel.swift in Sources */ = {isa = PBXBuildFile; fileRef = AE8D89CC276B1546005996D9 /* MusicViewModel.swift */; };
		AE8D89D0276B2133005996D9 /* URLRequest+Extensions.swift in Sources */ = {isa = PBXBuildFile; fileRef = AE8D89CF276B2133005996D9 /* URLRequest+Extensions.swift */; };
		AE900B64276C0D9600AABCEA /* icons8-instagram-48.png in Resources */ = {isa = PBXBuildFile; fileRef = AE900B63276C0D9600AABCEA /* icons8-instagram-48.png */; };
		AE900B66276C620100AABCEA /* APIService.swift in Sources */ = {isa = PBXBuildFile; fileRef = AE900B65276C620100AABCEA /* APIService.swift */; };
		AE900B6A276C826D00AABCEA /* String+Extensions.swift in Sources */ = {isa = PBXBuildFile; fileRef = AE900B69276C826D00AABCEA /* String+Extensions.swift */; };
/* End PBXBuildFile section */

/* Begin PBXFileReference section */
		93EBA5C5C2E91DD32B365EE3 /* Pods-FLO-MusicPlayerApp.release.xcconfig */ = {isa = PBXFileReference; includeInIndex = 1; lastKnownFileType = text.xcconfig; name = "Pods-FLO-MusicPlayerApp.release.xcconfig"; path = "Target Support Files/Pods-FLO-MusicPlayerApp/Pods-FLO-MusicPlayerApp.release.xcconfig"; sourceTree = "<group>"; };
		A38CA7B71254467C5A64187B /* Pods_FLO_MusicPlayerApp.framework */ = {isa = PBXFileReference; explicitFileType = wrapper.framework; includeInIndex = 0; path = Pods_FLO_MusicPlayerApp.framework; sourceTree = BUILT_PRODUCTS_DIR; };
		AE8D89A4276AFB60005996D9 /* FLO-MusicPlayerApp.app */ = {isa = PBXFileReference; explicitFileType = wrapper.application; includeInIndex = 0; path = "FLO-MusicPlayerApp.app"; sourceTree = BUILT_PRODUCTS_DIR; };
		AE8D89A7276AFB60005996D9 /* AppDelegate.swift */ = {isa = PBXFileReference; lastKnownFileType = sourcecode.swift; path = AppDelegate.swift; sourceTree = "<group>"; };
		AE8D89A9276AFB60005996D9 /* SceneDelegate.swift */ = {isa = PBXFileReference; lastKnownFileType = sourcecode.swift; path = SceneDelegate.swift; sourceTree = "<group>"; };
		AE8D89B0276AFB61005996D9 /* Assets.xcassets */ = {isa = PBXFileReference; lastKnownFileType = folder.assetcatalog; path = Assets.xcassets; sourceTree = "<group>"; };
		AE8D89B3276AFB61005996D9 /* Base */ = {isa = PBXFileReference; lastKnownFileType = file.storyboard; name = Base; path = Base.lproj/LaunchScreen.storyboard; sourceTree = "<group>"; };
		AE8D89B5276AFB61005996D9 /* Info.plist */ = {isa = PBXFileReference; lastKnownFileType = text.plist.xml; path = Info.plist; sourceTree = "<group>"; };
		AE8D89C5276B02B4005996D9 /* MusicPlayViewController.swift */ = {isa = PBXFileReference; lastKnownFileType = sourcecode.swift; path = MusicPlayViewController.swift; sourceTree = "<group>"; };
		AE8D89C7276B02E4005996D9 /* Main.storyboard */ = {isa = PBXFileReference; lastKnownFileType = file.storyboard; path = Main.storyboard; sourceTree = "<group>"; };
		AE8D89CA276B135C005996D9 /* Music.swift */ = {isa = PBXFileReference; lastKnownFileType = sourcecode.swift; path = Music.swift; sourceTree = "<group>"; };
		AE8D89CC276B1546005996D9 /* MusicViewModel.swift */ = {isa = PBXFileReference; lastKnownFileType = sourcecode.swift; path = MusicViewModel.swift; sourceTree = "<group>"; };
		AE8D89CF276B2133005996D9 /* URLRequest+Extensions.swift */ = {isa = PBXFileReference; lastKnownFileType = sourcecode.swift; path = "URLRequest+Extensions.swift"; sourceTree = "<group>"; };
		AE900B63276C0D9600AABCEA /* icons8-instagram-48.png */ = {isa = PBXFileReference; lastKnownFileType = image.png; name = "icons8-instagram-48.png"; path = "../../../Downloads/icons8-instagram-48.png"; sourceTree = "<group>"; };
		AE900B65276C620100AABCEA /* APIService.swift */ = {isa = PBXFileReference; lastKnownFileType = sourcecode.swift; path = APIService.swift; sourceTree = "<group>"; };
		AE900B69276C826D00AABCEA /* String+Extensions.swift */ = {isa = PBXFileReference; lastKnownFileType = sourcecode.swift; path = "String+Extensions.swift"; sourceTree = "<group>"; };
		F5AC613808CEB25E22E487D4 /* Pods-FLO-MusicPlayerApp.debug.xcconfig */ = {isa = PBXFileReference; includeInIndex = 1; lastKnownFileType = text.xcconfig; name = "Pods-FLO-MusicPlayerApp.debug.xcconfig"; path = "Target Support Files/Pods-FLO-MusicPlayerApp/Pods-FLO-MusicPlayerApp.debug.xcconfig"; sourceTree = "<group>"; };
/* End PBXFileReference section */

/* Begin PBXFrameworksBuildPhase section */
		AE8D89A1276AFB60005996D9 /* Frameworks */ = {
			isa = PBXFrameworksBuildPhase;
			buildActionMask = 2147483647;
			files = (
				9996B61B8F5B6FBD8028F742 /* Pods_FLO_MusicPlayerApp.framework in Frameworks */,
			);
			runOnlyForDeploymentPostprocessing = 0;
		};
/* End PBXFrameworksBuildPhase section */

/* Begin PBXGroup section */
		0EEBCD9825A4F243BDE755AE /* Pods */ = {
			isa = PBXGroup;
			children = (
				F5AC613808CEB25E22E487D4 /* Pods-FLO-MusicPlayerApp.debug.xcconfig */,
				93EBA5C5C2E91DD32B365EE3 /* Pods-FLO-MusicPlayerApp.release.xcconfig */,
			);
			path = Pods;
			sourceTree = "<group>";
		};
		55E4D8C2B720E269D7DE2242 /* Frameworks */ = {
			isa = PBXGroup;
			children = (
				A38CA7B71254467C5A64187B /* Pods_FLO_MusicPlayerApp.framework */,
			);
			name = Frameworks;
			sourceTree = "<group>";
		};
		AE8D899B276AFB60005996D9 = {
			isa = PBXGroup;
			children = (
				AE900B63276C0D9600AABCEA /* icons8-instagram-48.png */,
				AE8D89A6276AFB60005996D9 /* FLO-MusicPlayerApp */,
				AE8D89A5276AFB60005996D9 /* Products */,
				0EEBCD9825A4F243BDE755AE /* Pods */,
				55E4D8C2B720E269D7DE2242 /* Frameworks */,
			);
			sourceTree = "<group>";
		};
		AE8D89A5276AFB60005996D9 /* Products */ = {
			isa = PBXGroup;
			children = (
				AE8D89A4276AFB60005996D9 /* FLO-MusicPlayerApp.app */,
			);
			name = Products;
			sourceTree = "<group>";
		};
		AE8D89A6276AFB60005996D9 /* FLO-MusicPlayerApp */ = {
			isa = PBXGroup;
			children = (
				AE900B67276C787300AABCEA /* Domain */,
				AE8D89CE276B2122005996D9 /* Extensions */,
				AE8D89C9276B12EF005996D9 /* APIs */,
				AE8D89C4276B028D005996D9 /* ViewModels */,
				AE8D89C3276B0289005996D9 /* Models */,
				AE8D89C2276B0284005996D9 /* Views */,
				AE8D89C0276B023C005996D9 /* ViewControllers */,
				AE8D89A7276AFB60005996D9 /* AppDelegate.swift */,
				AE8D89A9276AFB60005996D9 /* SceneDelegate.swift */,
				AE8D89B0276AFB61005996D9 /* Assets.xcassets */,
				AE8D89B2276AFB61005996D9 /* LaunchScreen.storyboard */,
				AE8D89B5276AFB61005996D9 /* Info.plist */,
				AE8D89C7276B02E4005996D9 /* Main.storyboard */,
			);
			path = "FLO-MusicPlayerApp";
			sourceTree = "<group>";
		};
		AE8D89C0276B023C005996D9 /* ViewControllers */ = {
			isa = PBXGroup;
			children = (
				AE8D89C5276B02B4005996D9 /* MusicPlayViewController.swift */,
			);
			path = ViewControllers;
			sourceTree = "<group>";
		};
		AE8D89C2276B0284005996D9 /* Views */ = {
			isa = PBXGroup;
			children = (
			);
			path = Views;
			sourceTree = "<group>";
		};
		AE8D89C3276B0289005996D9 /* Models */ = {
			isa = PBXGroup;
			children = (
			);
			path = Models;
			sourceTree = "<group>";
		};
		AE8D89C4276B028D005996D9 /* ViewModels */ = {
			isa = PBXGroup;
			children = (
				AE8D89CC276B1546005996D9 /* MusicViewModel.swift */,
			);
			path = ViewModels;
			sourceTree = "<group>";
		};
		AE8D89C9276B12EF005996D9 /* APIs */ = {
			isa = PBXGroup;
			children = (
				AE900B65276C620100AABCEA /* APIService.swift */,
			);
			path = APIs;
			sourceTree = "<group>";
		};
		AE8D89CE276B2122005996D9 /* Extensions */ = {
			isa = PBXGroup;
			children = (
				AE8D89CF276B2133005996D9 /* URLRequest+Extensions.swift */,
				AE900B69276C826D00AABCEA /* String+Extensions.swift */,
			);
			path = Extensions;
			sourceTree = "<group>";
		};
		AE900B67276C787300AABCEA /* Domain */ = {
			isa = PBXGroup;
			children = (
				AE900B68276C7A7000AABCEA /* Entity */,
			);
			path = Domain;
			sourceTree = "<group>";
		};
		AE900B68276C7A7000AABCEA /* Entity */ = {
			isa = PBXGroup;
			children = (
				AE8D89CA276B135C005996D9 /* Music.swift */,
			);
			path = Entity;
			sourceTree = "<group>";
		};
/* End PBXGroup section */

/* Begin PBXNativeTarget section */
		AE8D89A3276AFB60005996D9 /* FLO-MusicPlayerApp */ = {
			isa = PBXNativeTarget;
			buildConfigurationList = AE8D89B8276AFB61005996D9 /* Build configuration list for PBXNativeTarget "FLO-MusicPlayerApp" */;
			buildPhases = (
				DC28C555E6297C9D8084AADA /* [CP] Check Pods Manifest.lock */,
				AE8D89A0276AFB60005996D9 /* Sources */,
				AE8D89A1276AFB60005996D9 /* Frameworks */,
				AE8D89A2276AFB60005996D9 /* Resources */,
				40EAF1D9D24886D7F98A3134 /* [CP] Embed Pods Frameworks */,
			);
			buildRules = (
			);
			dependencies = (
			);
			name = "FLO-MusicPlayerApp";
			productName = "FLO-MusicPlayerApp";
			productReference = AE8D89A4276AFB60005996D9 /* FLO-MusicPlayerApp.app */;
			productType = "com.apple.product-type.application";
		};
/* End PBXNativeTarget section */

/* Begin PBXProject section */
		AE8D899C276AFB60005996D9 /* Project object */ = {
			isa = PBXProject;
			attributes = {
				BuildIndependentTargetsInParallel = 1;
				LastSwiftUpdateCheck = 1300;
				LastUpgradeCheck = 1300;
				TargetAttributes = {
					AE8D89A3276AFB60005996D9 = {
						CreatedOnToolsVersion = 13.0;
					};
				};
			};
			buildConfigurationList = AE8D899F276AFB60005996D9 /* Build configuration list for PBXProject "FLO-MusicPlayerApp" */;
			compatibilityVersion = "Xcode 13.0";
			developmentRegion = en;
			hasScannedForEncodings = 0;
			knownRegions = (
				en,
				Base,
			);
			mainGroup = AE8D899B276AFB60005996D9;
			productRefGroup = AE8D89A5276AFB60005996D9 /* Products */;
			projectDirPath = "";
			projectRoot = "";
			targets = (
				AE8D89A3276AFB60005996D9 /* FLO-MusicPlayerApp */,
			);
		};
/* End PBXProject section */

/* Begin PBXResourcesBuildPhase section */
		AE8D89A2276AFB60005996D9 /* Resources */ = {
			isa = PBXResourcesBuildPhase;
			buildActionMask = 2147483647;
			files = (
				AE8D89C8276B02E4005996D9 /* Main.storyboard in Resources */,
				AE8D89B4276AFB61005996D9 /* LaunchScreen.storyboard in Resources */,
				AE900B64276C0D9600AABCEA /* icons8-instagram-48.png in Resources */,
				AE8D89B1276AFB61005996D9 /* Assets.xcassets in Resources */,
			);
			runOnlyForDeploymentPostprocessing = 0;
		};
/* End PBXResourcesBuildPhase section */

/* Begin PBXShellScriptBuildPhase section */
		40EAF1D9D24886D7F98A3134 /* [CP] Embed Pods Frameworks */ = {
			isa = PBXShellScriptBuildPhase;
			buildActionMask = 2147483647;
			files = (
			);
			inputFileListPaths = (
				"${PODS_ROOT}/Target Support Files/Pods-FLO-MusicPlayerApp/Pods-FLO-MusicPlayerApp-frameworks-${CONFIGURATION}-input-files.xcfilelist",
			);
			name = "[CP] Embed Pods Frameworks";
			outputFileListPaths = (
				"${PODS_ROOT}/Target Support Files/Pods-FLO-MusicPlayerApp/Pods-FLO-MusicPlayerApp-frameworks-${CONFIGURATION}-output-files.xcfilelist",
			);
			runOnlyForDeploymentPostprocessing = 0;
			shellPath = /bin/sh;
			shellScript = "\"${PODS_ROOT}/Target Support Files/Pods-FLO-MusicPlayerApp/Pods-FLO-MusicPlayerApp-frameworks.sh\"\n";
			showEnvVarsInLog = 0;
		};
		DC28C555E6297C9D8084AADA /* [CP] Check Pods Manifest.lock */ = {
			isa = PBXShellScriptBuildPhase;
			buildActionMask = 2147483647;
			files = (
			);
			inputFileListPaths = (
			);
			inputPaths = (
				"${PODS_PODFILE_DIR_PATH}/Podfile.lock",
				"${PODS_ROOT}/Manifest.lock",
			);
			name = "[CP] Check Pods Manifest.lock";
			outputFileListPaths = (
			);
			outputPaths = (
				"$(DERIVED_FILE_DIR)/Pods-FLO-MusicPlayerApp-checkManifestLockResult.txt",
			);
			runOnlyForDeploymentPostprocessing = 0;
			shellPath = /bin/sh;
			shellScript = "diff \"${PODS_PODFILE_DIR_PATH}/Podfile.lock\" \"${PODS_ROOT}/Manifest.lock\" > /dev/null\nif [ $? != 0 ] ; then\n    # print error to STDERR\n    echo \"error: The sandbox is not in sync with the Podfile.lock. Run 'pod install' or update your CocoaPods installation.\" >&2\n    exit 1\nfi\n# This output is used by Xcode 'outputs' to avoid re-running this script phase.\necho \"SUCCESS\" > \"${SCRIPT_OUTPUT_FILE_0}\"\n";
			showEnvVarsInLog = 0;
		};
/* End PBXShellScriptBuildPhase section */

/* Begin PBXSourcesBuildPhase section */
		AE8D89A0276AFB60005996D9 /* Sources */ = {
			isa = PBXSourcesBuildPhase;
			buildActionMask = 2147483647;
			files = (
				AE8D89CD276B1546005996D9 /* MusicViewModel.swift in Sources */,
				AE900B66276C620100AABCEA /* APIService.swift in Sources */,
				AE8D89A8276AFB60005996D9 /* AppDelegate.swift in Sources */,
				AE8D89C6276B02B4005996D9 /* MusicPlayViewController.swift in Sources */,
				AE900B6A276C826D00AABCEA /* String+Extensions.swift in Sources */,
				AE8D89D0276B2133005996D9 /* URLRequest+Extensions.swift in Sources */,
				AE8D89AA276AFB60005996D9 /* SceneDelegate.swift in Sources */,
				AE8D89CB276B135C005996D9 /* Music.swift in Sources */,
			);
			runOnlyForDeploymentPostprocessing = 0;
		};
/* End PBXSourcesBuildPhase section */

/* Begin PBXVariantGroup section */
		AE8D89B2276AFB61005996D9 /* LaunchScreen.storyboard */ = {
			isa = PBXVariantGroup;
			children = (
				AE8D89B3276AFB61005996D9 /* Base */,
			);
			name = LaunchScreen.storyboard;
			sourceTree = "<group>";
		};
/* End PBXVariantGroup section */

/* Begin XCBuildConfiguration section */
		AE8D89B6276AFB61005996D9 /* Debug */ = {
			isa = XCBuildConfiguration;
			buildSettings = {
				ALWAYS_SEARCH_USER_PATHS = NO;
				CLANG_ANALYZER_NONNULL = YES;
				CLANG_ANALYZER_NUMBER_OBJECT_CONVERSION = YES_AGGRESSIVE;
				CLANG_CXX_LANGUAGE_STANDARD = "gnu++17";
				CLANG_CXX_LIBRARY = "libc++";
				CLANG_ENABLE_MODULES = YES;
				CLANG_ENABLE_OBJC_ARC = YES;
				CLANG_ENABLE_OBJC_WEAK = YES;
				CLANG_WARN_BLOCK_CAPTURE_AUTORELEASING = YES;
				CLANG_WARN_BOOL_CONVERSION = YES;
				CLANG_WARN_COMMA = YES;
				CLANG_WARN_CONSTANT_CONVERSION = YES;
				CLANG_WARN_DEPRECATED_OBJC_IMPLEMENTATIONS = YES;
				CLANG_WARN_DIRECT_OBJC_ISA_USAGE = YES_ERROR;
				CLANG_WARN_DOCUMENTATION_COMMENTS = YES;
				CLANG_WARN_EMPTY_BODY = YES;
				CLANG_WARN_ENUM_CONVERSION = YES;
				CLANG_WARN_INFINITE_RECURSION = YES;
				CLANG_WARN_INT_CONVERSION = YES;
				CLANG_WARN_NON_LITERAL_NULL_CONVERSION = YES;
				CLANG_WARN_OBJC_IMPLICIT_RETAIN_SELF = YES;
				CLANG_WARN_OBJC_LITERAL_CONVERSION = YES;
				CLANG_WARN_OBJC_ROOT_CLASS = YES_ERROR;
				CLANG_WARN_QUOTED_INCLUDE_IN_FRAMEWORK_HEADER = YES;
				CLANG_WARN_RANGE_LOOP_ANALYSIS = YES;
				CLANG_WARN_STRICT_PROTOTYPES = YES;
				CLANG_WARN_SUSPICIOUS_MOVE = YES;
				CLANG_WARN_UNGUARDED_AVAILABILITY = YES_AGGRESSIVE;
				CLANG_WARN_UNREACHABLE_CODE = YES;
				CLANG_WARN__DUPLICATE_METHOD_MATCH = YES;
				COPY_PHASE_STRIP = NO;
				DEBUG_INFORMATION_FORMAT = dwarf;
				ENABLE_STRICT_OBJC_MSGSEND = YES;
				ENABLE_TESTABILITY = YES;
				GCC_C_LANGUAGE_STANDARD = gnu11;
				GCC_DYNAMIC_NO_PIC = NO;
				GCC_NO_COMMON_BLOCKS = YES;
				GCC_OPTIMIZATION_LEVEL = 0;
				GCC_PREPROCESSOR_DEFINITIONS = (
					"DEBUG=1",
					"$(inherited)",
				);
				GCC_WARN_64_TO_32_BIT_CONVERSION = YES;
				GCC_WARN_ABOUT_RETURN_TYPE = YES_ERROR;
				GCC_WARN_UNDECLARED_SELECTOR = YES;
				GCC_WARN_UNINITIALIZED_AUTOS = YES_AGGRESSIVE;
				GCC_WARN_UNUSED_FUNCTION = YES;
				GCC_WARN_UNUSED_VARIABLE = YES;
				IPHONEOS_DEPLOYMENT_TARGET = 15.0;
				MTL_ENABLE_DEBUG_INFO = INCLUDE_SOURCE;
				MTL_FAST_MATH = YES;
				ONLY_ACTIVE_ARCH = YES;
				SDKROOT = iphoneos;
				SWIFT_ACTIVE_COMPILATION_CONDITIONS = DEBUG;
				SWIFT_OPTIMIZATION_LEVEL = "-Onone";
			};
			name = Debug;
		};
		AE8D89B7276AFB61005996D9 /* Release */ = {
			isa = XCBuildConfiguration;
			buildSettings = {
				ALWAYS_SEARCH_USER_PATHS = NO;
				CLANG_ANALYZER_NONNULL = YES;
				CLANG_ANALYZER_NUMBER_OBJECT_CONVERSION = YES_AGGRESSIVE;
				CLANG_CXX_LANGUAGE_STANDARD = "gnu++17";
				CLANG_CXX_LIBRARY = "libc++";
				CLANG_ENABLE_MODULES = YES;
				CLANG_ENABLE_OBJC_ARC = YES;
				CLANG_ENABLE_OBJC_WEAK = YES;
				CLANG_WARN_BLOCK_CAPTURE_AUTORELEASING = YES;
				CLANG_WARN_BOOL_CONVERSION = YES;
				CLANG_WARN_COMMA = YES;
				CLANG_WARN_CONSTANT_CONVERSION = YES;
				CLANG_WARN_DEPRECATED_OBJC_IMPLEMENTATIONS = YES;
				CLANG_WARN_DIRECT_OBJC_ISA_USAGE = YES_ERROR;
				CLANG_WARN_DOCUMENTATION_COMMENTS = YES;
				CLANG_WARN_EMPTY_BODY = YES;
				CLANG_WARN_ENUM_CONVERSION = YES;
				CLANG_WARN_INFINITE_RECURSION = YES;
				CLANG_WARN_INT_CONVERSION = YES;
				CLANG_WARN_NON_LITERAL_NULL_CONVERSION = YES;
				CLANG_WARN_OBJC_IMPLICIT_RETAIN_SELF = YES;
				CLANG_WARN_OBJC_LITERAL_CONVERSION = YES;
				CLANG_WARN_OBJC_ROOT_CLASS = YES_ERROR;
				CLANG_WARN_QUOTED_INCLUDE_IN_FRAMEWORK_HEADER = YES;
				CLANG_WARN_RANGE_LOOP_ANALYSIS = YES;
				CLANG_WARN_STRICT_PROTOTYPES = YES;
				CLANG_WARN_SUSPICIOUS_MOVE = YES;
				CLANG_WARN_UNGUARDED_AVAILABILITY = YES_AGGRESSIVE;
				CLANG_WARN_UNREACHABLE_CODE = YES;
				CLANG_WARN__DUPLICATE_METHOD_MATCH = YES;
				COPY_PHASE_STRIP = NO;
				DEBUG_INFORMATION_FORMAT = "dwarf-with-dsym";
				ENABLE_NS_ASSERTIONS = NO;
				ENABLE_STRICT_OBJC_MSGSEND = YES;
				GCC_C_LANGUAGE_STANDARD = gnu11;
				GCC_NO_COMMON_BLOCKS = YES;
				GCC_WARN_64_TO_32_BIT_CONVERSION = YES;
				GCC_WARN_ABOUT_RETURN_TYPE = YES_ERROR;
				GCC_WARN_UNDECLARED_SELECTOR = YES;
				GCC_WARN_UNINITIALIZED_AUTOS = YES_AGGRESSIVE;
				GCC_WARN_UNUSED_FUNCTION = YES;
				GCC_WARN_UNUSED_VARIABLE = YES;
				IPHONEOS_DEPLOYMENT_TARGET = 15.0;
				MTL_ENABLE_DEBUG_INFO = NO;
				MTL_FAST_MATH = YES;
				SDKROOT = iphoneos;
				SWIFT_COMPILATION_MODE = wholemodule;
				SWIFT_OPTIMIZATION_LEVEL = "-O";
				VALIDATE_PRODUCT = YES;
			};
			name = Release;
		};
		AE8D89B9276AFB61005996D9 /* Debug */ = {
			isa = XCBuildConfiguration;
			baseConfigurationReference = F5AC613808CEB25E22E487D4 /* Pods-FLO-MusicPlayerApp.debug.xcconfig */;
			buildSettings = {
				ASSETCATALOG_COMPILER_APPICON_NAME = AppIcon;
				ASSETCATALOG_COMPILER_GLOBAL_ACCENT_COLOR_NAME = AccentColor;
				CODE_SIGN_STYLE = Automatic;
				CURRENT_PROJECT_VERSION = 1;
				DEVELOPMENT_TEAM = HWBJNMY98D;
				GENERATE_INFOPLIST_FILE = YES;
				INFOPLIST_FILE = "FLO-MusicPlayerApp/Info.plist";
				INFOPLIST_KEY_UIApplicationSupportsIndirectInputEvents = YES;
				INFOPLIST_KEY_UILaunchStoryboardName = LaunchScreen;
				INFOPLIST_KEY_UIMainStoryboardFile = Main;
				INFOPLIST_KEY_UISupportedInterfaceOrientations_iPad = "UIInterfaceOrientationPortrait UIInterfaceOrientationPortraitUpsideDown UIInterfaceOrientationLandscapeLeft UIInterfaceOrientationLandscapeRight";
				INFOPLIST_KEY_UISupportedInterfaceOrientations_iPhone = "UIInterfaceOrientationPortrait UIInterfaceOrientationLandscapeLeft UIInterfaceOrientationLandscapeRight";
				IPHONEOS_DEPLOYMENT_TARGET = 10.0;
				LD_RUNPATH_SEARCH_PATHS = (
					"$(inherited)",
					"@executable_path/Frameworks",
				);
				MARKETING_VERSION = 1.0;
				PRODUCT_BUNDLE_IDENTIFIER = "kr.co.test.FLO-MusicPlayerApp";
				PRODUCT_NAME = "$(TARGET_NAME)";
				SWIFT_EMIT_LOC_STRINGS = YES;
				SWIFT_VERSION = 5.0;
				TARGETED_DEVICE_FAMILY = "1,2";
			};
			name = Debug;
		};
		AE8D89BA276AFB61005996D9 /* Release */ = {
			isa = XCBuildConfiguration;
			baseConfigurationReference = 93EBA5C5C2E91DD32B365EE3 /* Pods-FLO-MusicPlayerApp.release.xcconfig */;
			buildSettings = {
				ASSETCATALOG_COMPILER_APPICON_NAME = AppIcon;
				ASSETCATALOG_COMPILER_GLOBAL_ACCENT_COLOR_NAME = AccentColor;
				CODE_SIGN_STYLE = Automatic;
				CURRENT_PROJECT_VERSION = 1;
				DEVELOPMENT_TEAM = HWBJNMY98D;
				GENERATE_INFOPLIST_FILE = YES;
				INFOPLIST_FILE = "FLO-MusicPlayerApp/Info.plist";
				INFOPLIST_KEY_UIApplicationSupportsIndirectInputEvents = YES;
				INFOPLIST_KEY_UILaunchStoryboardName = LaunchScreen;
				INFOPLIST_KEY_UIMainStoryboardFile = Main;
				INFOPLIST_KEY_UISupportedInterfaceOrientations_iPad = "UIInterfaceOrientationPortrait UIInterfaceOrientationPortraitUpsideDown UIInterfaceOrientationLandscapeLeft UIInterfaceOrientationLandscapeRight";
				INFOPLIST_KEY_UISupportedInterfaceOrientations_iPhone = "UIInterfaceOrientationPortrait UIInterfaceOrientationLandscapeLeft UIInterfaceOrientationLandscapeRight";
				IPHONEOS_DEPLOYMENT_TARGET = 10.0;
				LD_RUNPATH_SEARCH_PATHS = (
					"$(inherited)",
					"@executable_path/Frameworks",
				);
				MARKETING_VERSION = 1.0;
				PRODUCT_BUNDLE_IDENTIFIER = "kr.co.test.FLO-MusicPlayerApp";
				PRODUCT_NAME = "$(TARGET_NAME)";
				SWIFT_EMIT_LOC_STRINGS = YES;
				SWIFT_VERSION = 5.0;
				TARGETED_DEVICE_FAMILY = "1,2";
			};
			name = Release;
		};
/* End XCBuildConfiguration section */

/* Begin XCConfigurationList section */
		AE8D899F276AFB60005996D9 /* Build configuration list for PBXProject "FLO-MusicPlayerApp" */ = {
			isa = XCConfigurationList;
			buildConfigurations = (
				AE8D89B6276AFB61005996D9 /* Debug */,
				AE8D89B7276AFB61005996D9 /* Release */,
			);
			defaultConfigurationIsVisible = 0;
			defaultConfigurationName = Release;
		};
		AE8D89B8276AFB61005996D9 /* Build configuration list for PBXNativeTarget "FLO-MusicPlayerApp" */ = {
			isa = XCConfigurationList;
			buildConfigurations = (
				AE8D89B9276AFB61005996D9 /* Debug */,
				AE8D89BA276AFB61005996D9 /* Release */,
			);
			defaultConfigurationIsVisible = 0;
			defaultConfigurationName = Release;
		};
/* End XCConfigurationList section */
	};
	rootObject = AE8D899C276AFB60005996D9 /* Project object */;
}
